// !$*UTF8*$!
{
	archiveVersion = 1;
	classes = {
	};
	objectVersion = 46;
	objects = {

/* Begin PBXBuildFile section */
		A92D838416CCE6C700865312 /* UIKit.framework in Frameworks */ = {isa = PBXBuildFile; fileRef = A92D838316CCE6C700865312 /* UIKit.framework */; };
		A92D838616CCE6C700865312 /* Foundation.framework in Frameworks */ = {isa = PBXBuildFile; fileRef = A92D838516CCE6C700865312 /* Foundation.framework */; };
		A92D838816CCE6C700865312 /* CoreGraphics.framework in Frameworks */ = {isa = PBXBuildFile; fileRef = A92D838716CCE6C700865312 /* CoreGraphics.framework */; };
		A92D838E16CCE6C700865312 /* InfoPlist.strings in Resources */ = {isa = PBXBuildFile; fileRef = A92D838C16CCE6C700865312 /* InfoPlist.strings */; };
		A92D839016CCE6C700865312 /* main.m in Sources */ = {isa = PBXBuildFile; fileRef = A92D838F16CCE6C700865312 /* main.m */; };
		A92D839416CCE6C700865312 /* AppDelegate.m in Sources */ = {isa = PBXBuildFile; fileRef = A92D839316CCE6C700865312 /* AppDelegate.m */; };
		A92D839616CCE6C700865312 /* Default.png in Resources */ = {isa = PBXBuildFile; fileRef = A92D839516CCE6C700865312 /* Default.png */; };
		A92D839816CCE6C700865312 /* Default@2x.png in Resources */ = {isa = PBXBuildFile; fileRef = A92D839716CCE6C700865312 /* Default@2x.png */; };
		A92D839A16CCE6C700865312 /* Default-568h@2x.png in Resources */ = {isa = PBXBuildFile; fileRef = A92D839916CCE6C700865312 /* Default-568h@2x.png */; };
		A92D839D16CCE6C700865312 /* ViewController.m in Sources */ = {isa = PBXBuildFile; fileRef = A92D839C16CCE6C700865312 /* ViewController.m */; };
		A92D83A016CCE6C700865312 /* ViewController.xib in Resources */ = {isa = PBXBuildFile; fileRef = A92D839E16CCE6C700865312 /* ViewController.xib */; };
/* End PBXBuildFile section */

/* Begin PBXFileReference section */
		A92D838016CCE6C700865312 /* iOS4_0601_HelloWorld.app */ = {isa = PBXFileReference; explicitFileType = wrapper.application; includeInIndex = 0; path = iOS4_0601_HelloWorld.app; sourceTree = BUILT_PRODUCTS_DIR; };
		A92D838316CCE6C700865312 /* UIKit.framework */ = {isa = PBXFileReference; lastKnownFileType = wrapper.framework; name = UIKit.framework; path = System/Library/Frameworks/UIKit.framework; sourceTree = SDKROOT; };
		A92D838516CCE6C700865312 /* Foundation.framework */ = {isa = PBXFileReference; lastKnownFileType = wrapper.framework; name = Foundation.framework; path = System/Library/Frameworks/Foundation.framework; sourceTree = SDKROOT; };
		A92D838716CCE6C700865312 /* CoreGraphics.framework */ = {isa = PBXFileReference; lastKnownFileType = wrapper.framework; name = CoreGraphics.framework; path = System/Library/Frameworks/CoreGraphics.framework; sourceTree = SDKROOT; };
		A92D838B16CCE6C700865312 /* iOS4_0601_HelloWorld-Info.plist */ = {isa = PBXFileReference; lastKnownFileType = text.plist.xml; path = "iOS4_0601_HelloWorld-Info.plist"; sourceTree = "<group>"; };
		A92D838D16CCE6C700865312 /* en */ = {isa = PBXFileReference; lastKnownFileType = text.plist.strings; name = en; path = en.lproj/InfoPlist.strings; sourceTree = "<group>"; };
		A92D838F16CCE6C700865312 /* main.m */ = {isa = PBXFileReference; lastKnownFileType = sourcecode.c.objc; path = main.m; sourceTree = "<group>"; };
		A92D839116CCE6C700865312 /* iOS4_0601_HelloWorld-Prefix.pch */ = {isa = PBXFileReference; lastKnownFileType = sourcecode.c.h; path = "iOS4_0601_HelloWorld-Prefix.pch"; sourceTree = "<group>"; };
		A92D839216CCE6C700865312 /* AppDelegate.h */ = {isa = PBXFileReference; lastKnownFileType = sourcecode.c.h; path = AppDelegate.h; sourceTree = "<group>"; };
		A92D839316CCE6C700865312 /* AppDelegate.m */ = {isa = PBXFileReference; lastKnownFileType = sourcecode.c.objc; path = AppDelegate.m; sourceTree = "<group>"; };
		A92D839516CCE6C700865312 /* Default.png */ = {isa = PBXFileReference; lastKnownFileType = image.png; path = Default.png; sourceTree = "<group>"; };
		A92D839716CCE6C700865312 /* Default@2x.png */ = {isa = PBXFileReference; lastKnownFileType = image.png; path = "Default@2x.png"; sourceTree = "<group>"; };
		A92D839916CCE6C700865312 /* Default-568h@2x.png */ = {isa = PBXFileReference; lastKnownFileType = image.png; path = "Default-568h@2x.png"; sourceTree = "<group>"; };
		A92D839B16CCE6C700865312 /* ViewController.h */ = {isa = PBXFileReference; lastKnownFileType = sourcecode.c.h; path = ViewController.h; sourceTree = "<group>"; };
		A92D839C16CCE6C700865312 /* ViewController.m */ = {isa = PBXFileReference; lastKnownFileType = sourcecode.c.objc; path = ViewController.m; sourceTree = "<group>"; };
		A92D839F16CCE6C700865312 /* en */ = {isa = PBXFileReference; lastKnownFileType = file.xib; name = en; path = en.lproj/ViewController.xib; sourceTree = "<group>"; };
/* End PBXFileReference section */

/* Begin PBXFrameworksBuildPhase section */
		A92D837D16CCE6C700865312 /* Frameworks */ = {
			isa = PBXFrameworksBuildPhase;
			buildActionMask = 2147483647;
			files = (
				A92D838416CCE6C700865312 /* UIKit.framework in Frameworks */,
				A92D838616CCE6C700865312 /* Foundation.framework in Frameworks */,
				A92D838816CCE6C700865312 /* CoreGraphics.framework in Frameworks */,
			);
			runOnlyForDeploymentPostprocessing = 0;
		};
/* End PBXFrameworksBuildPhase section */

/* Begin PBXGroup section */
		A92D837716CCE6C700865312 = {
			isa = PBXGroup;
			children = (
				A92D838916CCE6C700865312 /* iOS4_0601_HelloWorld */,
				A92D838216CCE6C700865312 /* Frameworks */,
				A92D838116CCE6C700865312 /* Products */,
			);
			sourceTree = "<group>";
		};
		A92D838116CCE6C700865312 /* Products */ = {
			isa = PBXGroup;
			children = (
				A92D838016CCE6C700865312 /* iOS4_0601_HelloWorld.app */,
			);
			name = Products;
			sourceTree = "<group>";
		};
		A92D838216CCE6C700865312 /* Frameworks */ = {
			isa = PBXGroup;
			children = (
				A92D838316CCE6C700865312 /* UIKit.framework */,
				A92D838516CCE6C700865312 /* Foundation.framework */,
				A92D838716CCE6C700865312 /* CoreGraphics.framework */,
			);
			name = Frameworks;
			sourceTree = "<group>";
		};
		A92D838916CCE6C700865312 /* iOS4_0601_HelloWorld */ = {
			isa = PBXGroup;
			children = (
				A92D839216CCE6C700865312 /* AppDelegate.h */,
				A92D839316CCE6C700865312 /* AppDelegate.m */,
				A92D839B16CCE6C700865312 /* ViewController.h */,
				A92D839C16CCE6C700865312 /* ViewController.m */,
				A92D839E16CCE6C700865312 /* ViewController.xib */,
				A92D838A16CCE6C700865312 /* Supporting Files */,
			);
			path = iOS4_0601_HelloWorld;
			sourceTree = "<group>";
		};
		A92D838A16CCE6C700865312 /* Supporting Files */ = {
			isa = PBXGroup;
			children = (
				A92D838B16CCE6C700865312 /* iOS4_0601_HelloWorld-Info.plist */,
				A92D838C16CCE6C700865312 /* InfoPlist.strings */,
				A92D838F16CCE6C700865312 /* main.m */,
				A92D839116CCE6C700865312 /* iOS4_0601_HelloWorld-Prefix.pch */,
				A92D839516CCE6C700865312 /* Default.png */,
				A92D839716CCE6C700865312 /* Default@2x.png */,
				A92D839916CCE6C700865312 /* Default-568h@2x.png */,
			);
			name = "Supporting Files";
			sourceTree = "<group>";
		};
/* End PBXGroup section */

/* Begin PBXNativeTarget section */
		A92D837F16CCE6C700865312 /* iOS4_0601_HelloWorld */ = {
			isa = PBXNativeTarget;
			buildConfigurationList = A92D83A316CCE6C700865312 /* Build configuration list for PBXNativeTarget "iOS4_0601_HelloWorld" */;
			buildPhases = (
				A92D837C16CCE6C700865312 /* Sources */,
				A92D837D16CCE6C700865312 /* Frameworks */,
				A92D837E16CCE6C700865312 /* Resources */,
			);
			buildRules = (
			);
			dependencies = (
			);
			name = iOS4_0601_HelloWorld;
			productName = iOS4_0601_HelloWorld;
			productReference = A92D838016CCE6C700865312 /* iOS4_0601_HelloWorld.app */;
			productType = "com.apple.product-type.application";
		};
/* End PBXNativeTarget section */

/* Begin PBXProject section */
		A92D837816CCE6C700865312 /* Project object */ = {
			isa = PBXProject;
			attributes = {
				LastUpgradeCheck = 0460;
				ORGANIZATIONNAME = ioslover.com;
			};
			buildConfigurationList = A92D837B16CCE6C700865312 /* Build configuration list for PBXProject "iOS4_0601_HelloWorld" */;
			compatibilityVersion = "Xcode 3.2";
			developmentRegion = English;
			hasScannedForEncodings = 0;
			knownRegions = (
				en,
			);
			mainGroup = A92D837716CCE6C700865312;
			productRefGroup = A92D838116CCE6C700865312 /* Products */;
			projectDirPath = "";
			projectRoot = "";
			targets = (
				A92D837F16CCE6C700865312 /* iOS4_0601_HelloWorld */,
			);
		};
/* End PBXProject section */

/* Begin PBXResourcesBuildPhase section */
		A92D837E16CCE6C700865312 /* Resources */ = {
			isa = PBXResourcesBuildPhase;
			buildActionMask = 2147483647;
			files = (
				A92D838E16CCE6C700865312 /* InfoPlist.strings in Resources */,
				A92D839616CCE6C700865312 /* Default.png in Resources */,
				A92D839816CCE6C700865312 /* Default@2x.png in Resources */,
				A92D839A16CCE6C700865312 /* Default-568h@2x.png in Resources */,
				A92D83A016CCE6C700865312 /* ViewController.xib in Resources */,
			);
			runOnlyForDeploymentPostprocessing = 0;
		};
/* End PBXResourcesBuildPhase section */

/* Begin PBXSourcesBuildPhase section */
		A92D837C16CCE6C700865312 /* Sources */ = {
			isa = PBXSourcesBuildPhase;
			buildActionMask = 2147483647;
			files = (
				A92D839016CCE6C700865312 /* main.m in Sources */,
				A92D839416CCE6C700865312 /* AppDelegate.m in Sources */,
				A92D839D16CCE6C700865312 /* ViewController.m in Sources */,
			);
			runOnlyForDeploymentPostprocessing = 0;
		};
/* End PBXSourcesBuildPhase section */

/* Begin PBXVariantGroup section */
		A92D838C16CCE6C700865312 /* InfoPlist.strings */ = {
			isa = PBXVariantGroup;
			children = (
				A92D838D16CCE6C700865312 /* en */,
			);
			name = InfoPlist.strings;
			sourceTree = "<group>";
		};
		A92D839E16CCE6C700865312 /* ViewController.xib */ = {
			isa = PBXVariantGroup;
			children = (
				A92D839F16CCE6C700865312 /* en */,
			);
			name = ViewController.xib;
			sourceTree = "<group>";
		};
/* End PBXVariantGroup section */

/* Begin XCBuildConfiguration section */
		A92D83A116CCE6C700865312 /* Debug */ = {
			isa = XCBuildConfiguration;
			buildSettings = {
				ALWAYS_SEARCH_USER_PATHS = NO;
				CLANG_CXX_LANGUAGE_STANDARD = "gnu++0x";
				CLANG_CXX_LIBRARY = "libc++";
				CLANG_WARN_CONSTANT_CONVERSION = YES;
				CLANG_WARN_EMPTY_BODY = YES;
				CLANG_WARN_ENUM_CONVERSION = YES;
				CLANG_WARN_INT_CONVERSION = YES;
				CLANG_WARN__DUPLICATE_METHOD_MATCH = YES;
				"CODE_SIGN_IDENTITY[sdk=iphoneos*]" = "iPhone Developer";
				COPY_PHASE_STRIP = NO;
				GCC_C_LANGUAGE_STANDARD = gnu99;
				GCC_DYNAMIC_NO_PIC = NO;
				GCC_OPTIMIZATION_LEVEL = 0;
				GCC_PREPROCESSOR_DEFINITIONS = (
					"DEBUG=1",
					"$(inherited)",
				);
				GCC_SYMBOLS_PRIVATE_EXTERN = NO;
				GCC_WARN_ABOUT_RETURN_TYPE = YES;
				GCC_WARN_UNINITIALIZED_AUTOS = YES;
				GCC_WARN_UNUSED_VARIABLE = YES;
				IPHONEOS_DEPLOYMENT_TARGET = 6.1;
				ONLY_ACTIVE_ARCH = YES;
				SDKROOT = iphoneos;
			};
			name = Debug;
		};
		A92D83A216CCE6C700865312 /* Release */ = {
			isa = XCBuildConfiguration;
			buildSettings = {
				ALWAYS_SEARCH_USER_PATHS = NO;
				CLANG_CXX_LANGUAGE_STANDARD = "gnu++0x";
				CLANG_CXX_LIBRARY = "libc++";
				CLANG_WARN_CONSTANT_CONVERSION = YES;
				CLANG_WARN_EMPTY_BODY = YES;
				CLANG_WARN_ENUM_CONVERSION = YES;
				CLANG_WARN_INT_CONVERSION = YES;
				CLANG_WARN__DUPLICATE_METHOD_MATCH = YES;
				"CODE_SIGN_IDENTITY[sdk=iphoneos*]" = "iPhone Developer";
				COPY_PHASE_STRIP = YES;
				GCC_C_LANGUAGE_STANDARD = gnu99;
				GCC_WARN_ABOUT_RETURN_TYPE = YES;
				GCC_WARN_UNINITIALIZED_AUTOS = YES;
				GCC_WARN_UNUSED_VARIABLE = YES;
				IPHONEOS_DEPLOYMENT_TARGET = 6.1;
				OTHER_CFLAGS = "-DNS_BLOCK_ASSERTIONS=1";
				SDKROOT = iphoneos;
				VALIDATE_PRODUCT = YES;
			};
			name = Release;
		};
		A92D83A416CCE6C700865312 /* Debug */ = {
			isa = XCBuildConfiguration;
			buildSettings = {
				GCC_PRECOMPILE_PREFIX_HEADER = YES;
				GCC_PREFIX_HEADER = "iOS4_0601_HelloWorld/iOS4_0601_HelloWorld-Prefix.pch";
				INFOPLIST_FILE = "iOS4_0601_HelloWorld/iOS4_0601_HelloWorld-Info.plist";
				PRODUCT_NAME = "$(TARGET_NAME)";
				WRAPPER_EXTENSION = app;
			};
			name = Debug;
		};
		A92D83A516CCE6C700865312 /* Release */ = {
			isa = XCBuildConfiguration;
			buildSettings = {
				GCC_PRECOMPILE_PREFIX_HEADER = YES;
				GCC_PREFIX_HEADER = "iOS4_0601_HelloWorld/iOS4_0601_HelloWorld-Prefix.pch";
				INFOPLIST_FILE = "iOS4_0601_HelloWorld/iOS4_0601_HelloWorld-Info.plist";
				PRODUCT_NAME = "$(TARGET_NAME)";
				WRAPPER_EXTENSION = app;
			};
			name = Release;
		};
/* End XCBuildConfiguration section */

/* Begin XCConfigurationList section */
		A92D837B16CCE6C700865312 /* Build configuration list for PBXProject "iOS4_0601_HelloWorld" */ = {
			isa = XCConfigurationList;
			buildConfigurations = (
				A92D83A116CCE6C700865312 /* Debug */,
				A92D83A216CCE6C700865312 /* Release */,
			);
			defaultConfigurationIsVisible = 0;
			defaultConfigurationName = Release;
		};
		A92D83A316CCE6C700865312 /* Build configuration list for PBXNativeTarget "iOS4_0601_HelloWorld" */ = {
			isa = XCConfigurationList;
			buildConfigurations = (
				A92D83A416CCE6C700865312 /* Debug */,
				A92D83A516CCE6C700865312 /* Release */,
			);
			defaultConfigurationIsVisible = 0;
			defaultConfigurationName = Release;
		};
/* End XCConfigurationList section */
	};
	rootObject = A92D837816CCE6C700865312 /* Project object */;
}
